
Microsoft Visual Studio Solution File, Format Version 12.00
# Visual Studio Version 16
VisualStudioVersion = 16.0.30320.27
MinimumVisualStudioVersion = 10.0.40219.1
Project("{FAE04EC0-301F-11D3-BF4B-00C04F79EFBC}") = "StadsArkivet", "StadsArkivet\StadsArkivet.csproj", "{5BD80A59-88D1-49E3-9F36-AA47D814CDA6}"
EndProject
Global
	GlobalSection(SolutionConfigurationPlatforms) = preSolution
		Debug|Any CPU = Debug|Any CPU
		Release|Any CPU = Release|Any CPU
	EndGlobalSection
	GlobalSection(ProjectConfigurationPlatforms) = postSolution
		{5BD80A59-88D1-49E3-9F36-AA47D814CDA6}.Debug|Any CPU.ActiveCfg = Debug|Any CPU
		{5BD80A59-88D1-49E3-9F36-AA47D814CDA6}.Debug|Any CPU.Build.0 = Debug|Any CPU
		{5BD80A59-88D1-49E3-9F36-AA47D814CDA6}.Release|Any CPU.ActiveCfg = Release|Any CPU
		{5BD80A59-88D1-49E3-9F36-AA47D814CDA6}.Release|Any CPU.Build.0 = Release|Any CPU
	EndGlobalSection
	GlobalSection(SolutionProperties) = preSolution
		HideSolutionNode = FALSE
	EndGlobalSection
	GlobalSection(ExtensibilityGlobals) = postSolution
		SolutionGuid = {4E65DB83-7412-4BCA-B801-C36D6BD3581A}
	EndGlobalSection
EndGlobal
